// !$*UTF8*$!
{
	archiveVersion = 1;
	classes = {
	};
	objectVersion = 46;
	objects = {

/* Begin PBXBuildFile section */
		26044DAB1DFD1B24006E82B3 /* logo.png in Resources */ = {isa = PBXBuildFile; fileRef = 26044DAA1DFD1B24006E82B3 /* logo.png */; };
		26044DAD1DFD7474006E82B3 /* Demo.gif in Resources */ = {isa = PBXBuildFile; fileRef = 26044DAC1DFD7474006E82B3 /* Demo.gif */; };
		265B45CC1DF6528100275D3A /* NVActivityIndicatorAnimation.swift in Sources */ = {isa = PBXBuildFile; fileRef = 265B45C61DF6528100275D3A /* NVActivityIndicatorAnimation.swift */; };
		265B45CE1DF6528100275D3A /* NVActivityIndicatorPresenter.swift in Sources */ = {isa = PBXBuildFile; fileRef = 265B45C81DF6528100275D3A /* NVActivityIndicatorPresenter.swift */; };
		265B45CF1DF6528100275D3A /* NVActivityIndicatorShape.swift in Sources */ = {isa = PBXBuildFile; fileRef = 265B45C91DF6528100275D3A /* NVActivityIndicatorShape.swift */; };
		265B45D01DF6528100275D3A /* NVActivityIndicatorView.swift in Sources */ = {isa = PBXBuildFile; fileRef = 265B45CA1DF6528100275D3A /* NVActivityIndicatorView.swift */; };
		265B45D11DF6528100275D3A /* NVActivityIndicatorViewable.swift in Sources */ = {isa = PBXBuildFile; fileRef = 265B45CB1DF6528100275D3A /* NVActivityIndicatorViewable.swift */; };
		265B45D91DF652A300275D3A /* AppDelegate.swift in Sources */ = {isa = PBXBuildFile; fileRef = 265B45D81DF652A300275D3A /* AppDelegate.swift */; };
		265B45DE1DF652A300275D3A /* Main.storyboard in Resources */ = {isa = PBXBuildFile; fileRef = 265B45DC1DF652A300275D3A /* Main.storyboard */; };
		265B45E01DF652A300275D3A /* Assets.xcassets in Resources */ = {isa = PBXBuildFile; fileRef = 265B45DF1DF652A300275D3A /* Assets.xcassets */; };
		265B45E31DF652A300275D3A /* LaunchScreen.storyboard in Resources */ = {isa = PBXBuildFile; fileRef = 265B45E11DF652A300275D3A /* LaunchScreen.storyboard */; };
		265B45E91DF652D700275D3A /* ViewController.swift in Sources */ = {isa = PBXBuildFile; fileRef = 265B45E81DF652D700275D3A /* ViewController.swift */; };
		265B462E1DF653C900275D3A /* GTMActivityIndicatorView.framework in Frameworks */ = {isa = PBXBuildFile; fileRef = 265B45BA1DF6525B00275D3A /* GTMActivityIndicatorView.framework */; };
		265B462F1DF653C900275D3A /* GTMActivityIndicatorView.framework in Embed Frameworks */ = {isa = PBXBuildFile; fileRef = 265B45BA1DF6525B00275D3A /* GTMActivityIndicatorView.framework */; settings = {ATTRIBUTES = (CodeSignOnCopy, RemoveHeadersOnCopy, ); }; };
		265B46341DF6583C00275D3A /* GTMActivityIndicatorView.podspec in Resources */ = {isa = PBXBuildFile; fileRef = 265B46311DF6583C00275D3A /* GTMActivityIndicatorView.podspec */; };
		267115351DF686B800F27CEA /* LICENSE in Resources */ = {isa = PBXBuildFile; fileRef = 267115341DF686B800F27CEA /* LICENSE */; };
		269DC3B01E1CF2FD009BC00B /* GTMActivityIndicatorView.swift in Sources */ = {isa = PBXBuildFile; fileRef = 269DC3AF1E1CF2FD009BC00B /* GTMActivityIndicatorView.swift */; };
		A1F8218E20026C4900DEB12B /* NVActivityIndicatorAnimationAudioEqualizer.swift in Sources */ = {isa = PBXBuildFile; fileRef = A1F8216D20026C4900DEB12B /* NVActivityIndicatorAnimationAudioEqualizer.swift */; };
		A1F8218F20026C4900DEB12B /* NVActivityIndicatorAnimationBallBeat.swift in Sources */ = {isa = PBXBuildFile; fileRef = A1F8216E20026C4900DEB12B /* NVActivityIndicatorAnimationBallBeat.swift */; };
		A1F8219020026C4900DEB12B /* NVActivityIndicatorAnimationBallClipRotate.swift in Sources */ = {isa = PBXBuildFile; fileRef = A1F8216F20026C4900DEB12B /* NVActivityIndicatorAnimationBallClipRotate.swift */; };
		A1F8219120026C4900DEB12B /* NVActivityIndicatorAnimationBallClipRotateMultiple.swift in Sources */ = {isa = PBXBuildFile; fileRef = A1F8217020026C4900DEB12B /* NVActivityIndicatorAnimationBallClipRotateMultiple.swift */; };
		A1F8219220026C4900DEB12B /* NVActivityIndicatorAnimationBallClipRotatePulse.swift in Sources */ = {isa = PBXBuildFile; fileRef = A1F8217120026C4900DEB12B /* NVActivityIndicatorAnimationBallClipRotatePulse.swift */; };
		A1F8219320026C4900DEB12B /* NVActivityIndicatorAnimationBallGridBeat.swift in Sources */ = {isa = PBXBuildFile; fileRef = A1F8217220026C4900DEB12B /* NVActivityIndicatorAnimationBallGridBeat.swift */; };
		A1F8219420026C4900DEB12B /* NVActivityIndicatorAnimationBallGridPulse.swift in Sources */ = {isa = PBXBuildFile; fileRef = A1F8217320026C4900DEB12B /* NVActivityIndicatorAnimationBallGridPulse.swift */; };
		A1F8219520026C4900DEB12B /* NVActivityIndicatorAnimationBallPulse.swift in Sources */ = {isa = PBXBuildFile; fileRef = A1F8217420026C4900DEB12B /* NVActivityIndicatorAnimationBallPulse.swift */; };
		A1F8219620026C4900DEB12B /* NVActivityIndicatorAnimationBallPulseRise.swift in Sources */ = {isa = PBXBuildFile; fileRef = A1F8217520026C4900DEB12B /* NVActivityIndicatorAnimationBallPulseRise.swift */; };
		A1F8219720026C4900DEB12B /* NVActivityIndicatorAnimationBallPulseSync.swift in Sources */ = {isa = PBXBuildFile; fileRef = A1F8217620026C4900DEB12B /* NVActivityIndicatorAnimationBallPulseSync.swift */; };
		A1F8219820026C4900DEB12B /* NVActivityIndicatorAnimationBallRotate.swift in Sources */ = {isa = PBXBuildFile; fileRef = A1F8217720026C4900DEB12B /* NVActivityIndicatorAnimationBallRotate.swift */; };
		A1F8219920026C4900DEB12B /* NVActivityIndicatorAnimationBallRotateChase.swift in Sources */ = {isa = PBXBuildFile; fileRef = A1F8217820026C4900DEB12B /* NVActivityIndicatorAnimationBallRotateChase.swift */; };
		A1F8219A20026C4900DEB12B /* NVActivityIndicatorAnimationBallScale.swift in Sources */ = {isa = PBXBuildFile; fileRef = A1F8217920026C4900DEB12B /* NVActivityIndicatorAnimationBallScale.swift */; };
		A1F8219B20026C4900DEB12B /* NVActivityIndicatorAnimationBallScaleMultiple.swift in Sources */ = {isa = PBXBuildFile; fileRef = A1F8217A20026C4900DEB12B /* NVActivityIndicatorAnimationBallScaleMultiple.swift */; };
		A1F8219C20026C4900DEB12B /* NVActivityIndicatorAnimationBallScaleRipple.swift in Sources */ = {isa = PBXBuildFile; fileRef = A1F8217B20026C4900DEB12B /* NVActivityIndicatorAnimationBallScaleRipple.swift */; };
		A1F8219D20026C4900DEB12B /* NVActivityIndicatorAnimationBallScaleRippleMultiple.swift in Sources */ = {isa = PBXBuildFile; fileRef = A1F8217C20026C4900DEB12B /* NVActivityIndicatorAnimationBallScaleRippleMultiple.swift */; };
		A1F8219E20026C4900DEB12B /* NVActivityIndicatorAnimationBallSpinFadeLoader.swift in Sources */ = {isa = PBXBuildFile; fileRef = A1F8217D20026C4900DEB12B /* NVActivityIndicatorAnimationBallSpinFadeLoader.swift */; };
		A1F8219F20026C4900DEB12B /* NVActivityIndicatorAnimationBallTrianglePath.swift in Sources */ = {isa = PBXBuildFile; fileRef = A1F8217E20026C4900DEB12B /* NVActivityIndicatorAnimationBallTrianglePath.swift */; };
		A1F821A020026C4900DEB12B /* NVActivityIndicatorAnimationBallZigZag.swift in Sources */ = {isa = PBXBuildFile; fileRef = A1F8217F20026C4900DEB12B /* NVActivityIndicatorAnimationBallZigZag.swift */; };
		A1F821A120026C4900DEB12B /* NVActivityIndicatorAnimationBallZigZagDeflect.swift in Sources */ = {isa = PBXBuildFile; fileRef = A1F8218020026C4900DEB12B /* NVActivityIndicatorAnimationBallZigZagDeflect.swift */; };
		A1F821A220026C4900DEB12B /* NVActivityIndicatorAnimationBlank.swift in Sources */ = {isa = PBXBuildFile; fileRef = A1F8218120026C4900DEB12B /* NVActivityIndicatorAnimationBlank.swift */; };
		A1F821A320026C4900DEB12B /* NVActivityIndicatorAnimationCubeTransition.swift in Sources */ = {isa = PBXBuildFile; fileRef = A1F8218220026C4900DEB12B /* NVActivityIndicatorAnimationCubeTransition.swift */; };
		A1F821A420026C4900DEB12B /* NVActivityIndicatorAnimationLineScale.swift in Sources */ = {isa = PBXBuildFile; fileRef = A1F8218320026C4900DEB12B /* NVActivityIndicatorAnimationLineScale.swift */; };
		A1F821A520026C4900DEB12B /* NVActivityIndicatorAnimationLineScaleParty.swift in Sources */ = {isa = PBXBuildFile; fileRef = A1F8218420026C4900DEB12B /* NVActivityIndicatorAnimationLineScaleParty.swift */; };
		A1F821A620026C4900DEB12B /* NVActivityIndicatorAnimationLineScalePulseOut.swift in Sources */ = {isa = PBXBuildFile; fileRef = A1F8218520026C4900DEB12B /* NVActivityIndicatorAnimationLineScalePulseOut.swift */; };
		A1F821A720026C4900DEB12B /* NVActivityIndicatorAnimationLineScalePulseOutRapid.swift in Sources */ = {isa = PBXBuildFile; fileRef = A1F8218620026C4900DEB12B /* NVActivityIndicatorAnimationLineScalePulseOutRapid.swift */; };
		A1F821A820026C4900DEB12B /* NVActivityIndicatorAnimationLineSpinFadeLoader.swift in Sources */ = {isa = PBXBuildFile; fileRef = A1F8218720026C4900DEB12B /* NVActivityIndicatorAnimationLineSpinFadeLoader.swift */; };
		A1F821A920026C4900DEB12B /* NVActivityIndicatorAnimationOrbit.swift in Sources */ = {isa = PBXBuildFile; fileRef = A1F8218820026C4900DEB12B /* NVActivityIndicatorAnimationOrbit.swift */; };
		A1F821AA20026C4900DEB12B /* NVActivityIndicatorAnimationPacman.swift in Sources */ = {isa = PBXBuildFile; fileRef = A1F8218920026C4900DEB12B /* NVActivityIndicatorAnimationPacman.swift */; };
		A1F821AB20026C4900DEB12B /* NVActivityIndicatorAnimationSemiCircleSpin.swift in Sources */ = {isa = PBXBuildFile; fileRef = A1F8218A20026C4900DEB12B /* NVActivityIndicatorAnimationSemiCircleSpin.swift */; };
		A1F821AC20026C4900DEB12B /* NVActivityIndicatorAnimationSquareSpin.swift in Sources */ = {isa = PBXBuildFile; fileRef = A1F8218B20026C4900DEB12B /* NVActivityIndicatorAnimationSquareSpin.swift */; };
		A1F821AD20026C4900DEB12B /* NVActivityIndicatorAnimationTriangleSkewSpin.swift in Sources */ = {isa = PBXBuildFile; fileRef = A1F8218C20026C4900DEB12B /* NVActivityIndicatorAnimationTriangleSkewSpin.swift */; };
/* End PBXBuildFile section */

/* Begin PBXContainerItemProxy section */
		265B462C1DF6536300275D3A /* PBXContainerItemProxy */ = {
			isa = PBXContainerItemProxy;
			containerPortal = 265B45B11DF6525B00275D3A /* Project object */;
			proxyType = 1;
			remoteGlobalIDString = 265B45B91DF6525B00275D3A;
			remoteInfo = GTMActivityIndicatorView;
		};
/* End PBXContainerItemProxy section */

/* Begin PBXCopyFilesBuildPhase section */
		265B46301DF653C900275D3A /* Embed Frameworks */ = {
			isa = PBXCopyFilesBuildPhase;
			buildActionMask = 2147483647;
			dstPath = "";
			dstSubfolderSpec = 10;
			files = (
				265B462F1DF653C900275D3A /* GTMActivityIndicatorView.framework in Embed Frameworks */,
			);
			name = "Embed Frameworks";
			runOnlyForDeploymentPostprocessing = 0;
		};
/* End PBXCopyFilesBuildPhase section */

/* Begin PBXFileReference section */
		26044DAA1DFD1B24006E82B3 /* logo.png */ = {isa = PBXFileReference; lastKnownFileType = image.png; path = logo.png; sourceTree = "<group>"; };
		26044DAC1DFD7474006E82B3 /* Demo.gif */ = {isa = PBXFileReference; lastKnownFileType = image.gif; path = Demo.gif; sourceTree = "<group>"; };
		265B45BA1DF6525B00275D3A /* GTMActivityIndicatorView.framework */ = {isa = PBXFileReference; explicitFileType = wrapper.framework; includeInIndex = 0; path = GTMActivityIndicatorView.framework; sourceTree = BUILT_PRODUCTS_DIR; };
		265B45BE1DF6525B00275D3A /* Info.plist */ = {isa = PBXFileReference; lastKnownFileType = text.plist.xml; path = Info.plist; sourceTree = "<group>"; };
		265B45C61DF6528100275D3A /* NVActivityIndicatorAnimation.swift */ = {isa = PBXFileReference; fileEncoding = 4; lastKnownFileType = sourcecode.swift; path = NVActivityIndicatorAnimation.swift; sourceTree = "<group>"; };
		265B45C81DF6528100275D3A /* NVActivityIndicatorPresenter.swift */ = {isa = PBXFileReference; fileEncoding = 4; lastKnownFileType = sourcecode.swift; path = NVActivityIndicatorPresenter.swift; sourceTree = "<group>"; };
		265B45C91DF6528100275D3A /* NVActivityIndicatorShape.swift */ = {isa = PBXFileReference; fileEncoding = 4; lastKnownFileType = sourcecode.swift; path = NVActivityIndicatorShape.swift; sourceTree = "<group>"; };
		265B45CA1DF6528100275D3A /* NVActivityIndicatorView.swift */ = {isa = PBXFileReference; fileEncoding = 4; lastKnownFileType = sourcecode.swift; path = NVActivityIndicatorView.swift; sourceTree = "<group>"; };
		265B45CB1DF6528100275D3A /* NVActivityIndicatorViewable.swift */ = {isa = PBXFileReference; fileEncoding = 4; lastKnownFileType = sourcecode.swift; path = NVActivityIndicatorViewable.swift; sourceTree = "<group>"; };
		265B45D61DF652A300275D3A /* GTMActivityIndicatorViewDemo.app */ = {isa = PBXFileReference; explicitFileType = wrapper.application; includeInIndex = 0; path = GTMActivityIndicatorViewDemo.app; sourceTree = BUILT_PRODUCTS_DIR; };
		265B45D81DF652A300275D3A /* AppDelegate.swift */ = {isa = PBXFileReference; lastKnownFileType = sourcecode.swift; path = AppDelegate.swift; sourceTree = "<group>"; };
		265B45DD1DF652A300275D3A /* Base */ = {isa = PBXFileReference; lastKnownFileType = file.storyboard; name = Base; path = Base.lproj/Main.storyboard; sourceTree = "<group>"; };
		265B45DF1DF652A300275D3A /* Assets.xcassets */ = {isa = PBXFileReference; lastKnownFileType = folder.assetcatalog; path = Assets.xcassets; sourceTree = "<group>"; };
		265B45E21DF652A300275D3A /* Base */ = {isa = PBXFileReference; lastKnownFileType = file.storyboard; name = Base; path = Base.lproj/LaunchScreen.storyboard; sourceTree = "<group>"; };
		265B45E41DF652A300275D3A /* Info.plist */ = {isa = PBXFileReference; lastKnownFileType = text.plist.xml; path = Info.plist; sourceTree = "<group>"; };
		265B45E81DF652D700275D3A /* ViewController.swift */ = {isa = PBXFileReference; fileEncoding = 4; lastKnownFileType = sourcecode.swift; path = ViewController.swift; sourceTree = "<group>"; };
		265B46311DF6583C00275D3A /* GTMActivityIndicatorView.podspec */ = {isa = PBXFileReference; fileEncoding = 4; lastKnownFileType = text; path = GTMActivityIndicatorView.podspec; sourceTree = "<group>"; };
		265B46331DF6583C00275D3A /* README.md */ = {isa = PBXFileReference; fileEncoding = 4; lastKnownFileType = net.daringfireball.markdown; path = README.md; sourceTree = "<group>"; };
		267115341DF686B800F27CEA /* LICENSE */ = {isa = PBXFileReference; fileEncoding = 4; lastKnownFileType = text; path = LICENSE; sourceTree = "<group>"; };
		269DC3AF1E1CF2FD009BC00B /* GTMActivityIndicatorView.swift */ = {isa = PBXFileReference; fileEncoding = 4; lastKnownFileType = sourcecode.swift; path = GTMActivityIndicatorView.swift; sourceTree = "<group>"; };
		A1F8216D20026C4900DEB12B /* NVActivityIndicatorAnimationAudioEqualizer.swift */ = {isa = PBXFileReference; fileEncoding = 4; lastKnownFileType = sourcecode.swift; path = NVActivityIndicatorAnimationAudioEqualizer.swift; sourceTree = "<group>"; };
		A1F8216E20026C4900DEB12B /* NVActivityIndicatorAnimationBallBeat.swift */ = {isa = PBXFileReference; fileEncoding = 4; lastKnownFileType = sourcecode.swift; path = NVActivityIndicatorAnimationBallBeat.swift; sourceTree = "<group>"; };
		A1F8216F20026C4900DEB12B /* NVActivityIndicatorAnimationBallClipRotate.swift */ = {isa = PBXFileReference; fileEncoding = 4; lastKnownFileType = sourcecode.swift; path = NVActivityIndicatorAnimationBallClipRotate.swift; sourceTree = "<group>"; };
		A1F8217020026C4900DEB12B /* NVActivityIndicatorAnimationBallClipRotateMultiple.swift */ = {isa = PBXFileReference; fileEncoding = 4; lastKnownFileType = sourcecode.swift; path = NVActivityIndicatorAnimationBallClipRotateMultiple.swift; sourceTree = "<group>"; };
		A1F8217120026C4900DEB12B /* NVActivityIndicatorAnimationBallClipRotatePulse.swift */ = {isa = PBXFileReference; fileEncoding = 4; lastKnownFileType = sourcecode.swift; path = NVActivityIndicatorAnimationBallClipRotatePulse.swift; sourceTree = "<group>"; };
		A1F8217220026C4900DEB12B /* NVActivityIndicatorAnimationBallGridBeat.swift */ = {isa = PBXFileReference; fileEncoding = 4; lastKnownFileType = sourcecode.swift; path = NVActivityIndicatorAnimationBallGridBeat.swift; sourceTree = "<group>"; };
		A1F8217320026C4900DEB12B /* NVActivityIndicatorAnimationBallGridPulse.swift */ = {isa = PBXFileReference; fileEncoding = 4; lastKnownFileType = sourcecode.swift; path = NVActivityIndicatorAnimationBallGridPulse.swift; sourceTree = "<group>"; };
		A1F8217420026C4900DEB12B /* NVActivityIndicatorAnimationBallPulse.swift */ = {isa = PBXFileReference; fileEncoding = 4; lastKnownFileType = sourcecode.swift; path = NVActivityIndicatorAnimationBallPulse.swift; sourceTree = "<group>"; };
		A1F8217520026C4900DEB12B /* NVActivityIndicatorAnimationBallPulseRise.swift */ = {isa = PBXFileReference; fileEncoding = 4; lastKnownFileType = sourcecode.swift; path = NVActivityIndicatorAnimationBallPulseRise.swift; sourceTree = "<group>"; };
		A1F8217620026C4900DEB12B /* NVActivityIndicatorAnimationBallPulseSync.swift */ = {isa = PBXFileReference; fileEncoding = 4; lastKnownFileType = sourcecode.swift; path = NVActivityIndicatorAnimationBallPulseSync.swift; sourceTree = "<group>"; };
		A1F8217720026C4900DEB12B /* NVActivityIndicatorAnimationBallRotate.swift */ = {isa = PBXFileReference; fileEncoding = 4; lastKnownFileType = sourcecode.swift; path = NVActivityIndicatorAnimationBallRotate.swift; sourceTree = "<group>"; };
		A1F8217820026C4900DEB12B /* NVActivityIndicatorAnimationBallRotateChase.swift */ = {isa = PBXFileReference; fileEncoding = 4; lastKnownFileType = sourcecode.swift; path = NVActivityIndicatorAnimationBallRotateChase.swift; sourceTree = "<group>"; };
		A1F8217920026C4900DEB12B /* NVActivityIndicatorAnimationBallScale.swift */ = {isa = PBXFileReference; fileEncoding = 4; lastKnownFileType = sourcecode.swift; path = NVActivityIndicatorAnimationBallScale.swift; sourceTree = "<group>"; };
		A1F8217A20026C4900DEB12B /* NVActivityIndicatorAnimationBallScaleMultiple.swift */ = {isa = PBXFileReference; fileEncoding = 4; lastKnownFileType = sourcecode.swift; path = NVActivityIndicatorAnimationBallScaleMultiple.swift; sourceTree = "<group>"; };
		A1F8217B20026C4900DEB12B /* NVActivityIndicatorAnimationBallScaleRipple.swift */ = {isa = PBXFileReference; fileEncoding = 4; lastKnownFileType = sourcecode.swift; path = NVActivityIndicatorAnimationBallScaleRipple.swift; sourceTree = "<group>"; };
		A1F8217C20026C4900DEB12B /* NVActivityIndicatorAnimationBallScaleRippleMultiple.swift */ = {isa = PBXFileReference; fileEncoding = 4; lastKnownFileType = sourcecode.swift; path = NVActivityIndicatorAnimationBallScaleRippleMultiple.swift; sourceTree = "<group>"; };
		A1F8217D20026C4900DEB12B /* NVActivityIndicatorAnimationBallSpinFadeLoader.swift */ = {isa = PBXFileReference; fileEncoding = 4; lastKnownFileType = sourcecode.swift; path = NVActivityIndicatorAnimationBallSpinFadeLoader.swift; sourceTree = "<group>"; };
		A1F8217E20026C4900DEB12B /* NVActivityIndicatorAnimationBallTrianglePath.swift */ = {isa = PBXFileReference; fileEncoding = 4; lastKnownFileType = sourcecode.swift; path = NVActivityIndicatorAnimationBallTrianglePath.swift; sourceTree = "<group>"; };
		A1F8217F20026C4900DEB12B /* NVActivityIndicatorAnimationBallZigZag.swift */ = {isa = PBXFileReference; fileEncoding = 4; lastKnownFileType = sourcecode.swift; path = NVActivityIndicatorAnimationBallZigZag.swift; sourceTree = "<group>"; };
		A1F8218020026C4900DEB12B /* NVActivityIndicatorAnimationBallZigZagDeflect.swift */ = {isa = PBXFileReference; fileEncoding = 4; lastKnownFileType = sourcecode.swift; path = NVActivityIndicatorAnimationBallZigZagDeflect.swift; sourceTree = "<group>"; };
		A1F8218120026C4900DEB12B /* NVActivityIndicatorAnimationBlank.swift */ = {isa = PBXFileReference; fileEncoding = 4; lastKnownFileType = sourcecode.swift; path = NVActivityIndicatorAnimationBlank.swift; sourceTree = "<group>"; };
		A1F8218220026C4900DEB12B /* NVActivityIndicatorAnimationCubeTransition.swift */ = {isa = PBXFileReference; fileEncoding = 4; lastKnownFileType = sourcecode.swift; path = NVActivityIndicatorAnimationCubeTransition.swift; sourceTree = "<group>"; };
		A1F8218320026C4900DEB12B /* NVActivityIndicatorAnimationLineScale.swift */ = {isa = PBXFileReference; fileEncoding = 4; lastKnownFileType = sourcecode.swift; path = NVActivityIndicatorAnimationLineScale.swift; sourceTree = "<group>"; };
		A1F8218420026C4900DEB12B /* NVActivityIndicatorAnimationLineScaleParty.swift */ = {isa = PBXFileReference; fileEncoding = 4; lastKnownFileType = sourcecode.swift; path = NVActivityIndicatorAnimationLineScaleParty.swift; sourceTree = "<group>"; };
		A1F8218520026C4900DEB12B /* NVActivityIndicatorAnimationLineScalePulseOut.swift */ = {isa = PBXFileReference; fileEncoding = 4; lastKnownFileType = sourcecode.swift; path = NVActivityIndicatorAnimationLineScalePulseOut.swift; sourceTree = "<group>"; };
		A1F8218620026C4900DEB12B /* NVActivityIndicatorAnimationLineScalePulseOutRapid.swift */ = {isa = PBXFileReference; fileEncoding = 4; lastKnownFileType = sourcecode.swift; path = NVActivityIndicatorAnimationLineScalePulseOutRapid.swift; sourceTree = "<group>"; };
		A1F8218720026C4900DEB12B /* NVActivityIndicatorAnimationLineSpinFadeLoader.swift */ = {isa = PBXFileReference; fileEncoding = 4; lastKnownFileType = sourcecode.swift; path = NVActivityIndicatorAnimationLineSpinFadeLoader.swift; sourceTree = "<group>"; };
		A1F8218820026C4900DEB12B /* NVActivityIndicatorAnimationOrbit.swift */ = {isa = PBXFileReference; fileEncoding = 4; lastKnownFileType = sourcecode.swift; path = NVActivityIndicatorAnimationOrbit.swift; sourceTree = "<group>"; };
		A1F8218920026C4900DEB12B /* NVActivityIndicatorAnimationPacman.swift */ = {isa = PBXFileReference; fileEncoding = 4; lastKnownFileType = sourcecode.swift; path = NVActivityIndicatorAnimationPacman.swift; sourceTree = "<group>"; };
		A1F8218A20026C4900DEB12B /* NVActivityIndicatorAnimationSemiCircleSpin.swift */ = {isa = PBXFileReference; fileEncoding = 4; lastKnownFileType = sourcecode.swift; path = NVActivityIndicatorAnimationSemiCircleSpin.swift; sourceTree = "<group>"; };
		A1F8218B20026C4900DEB12B /* NVActivityIndicatorAnimationSquareSpin.swift */ = {isa = PBXFileReference; fileEncoding = 4; lastKnownFileType = sourcecode.swift; path = NVActivityIndicatorAnimationSquareSpin.swift; sourceTree = "<group>"; };
		A1F8218C20026C4900DEB12B /* NVActivityIndicatorAnimationTriangleSkewSpin.swift */ = {isa = PBXFileReference; fileEncoding = 4; lastKnownFileType = sourcecode.swift; path = NVActivityIndicatorAnimationTriangleSkewSpin.swift; sourceTree = "<group>"; };
/* End PBXFileReference section */

/* Begin PBXFrameworksBuildPhase section */
		265B45B61DF6525B00275D3A /* Frameworks */ = {
			isa = PBXFrameworksBuildPhase;
			buildActionMask = 2147483647;
			files = (
			);
			runOnlyForDeploymentPostprocessing = 0;
		};
		265B45D31DF652A300275D3A /* Frameworks */ = {
			isa = PBXFrameworksBuildPhase;
			buildActionMask = 2147483647;
			files = (
				265B462E1DF653C900275D3A /* GTMActivityIndicatorView.framework in Frameworks */,
			);
			runOnlyForDeploymentPostprocessing = 0;
		};
/* End PBXFrameworksBuildPhase section */

/* Begin PBXGroup section */
		265B45B01DF6525B00275D3A = {
			isa = PBXGroup;
			children = (
				26044DAA1DFD1B24006E82B3 /* logo.png */,
				26044DAC1DFD7474006E82B3 /* Demo.gif */,
				267115341DF686B800F27CEA /* LICENSE */,
				265B46311DF6583C00275D3A /* GTMActivityIndicatorView.podspec */,
				265B46331DF6583C00275D3A /* README.md */,
				265B45BC1DF6525B00275D3A /* GTMActivityIndicatorView */,
				265B45D71DF652A300275D3A /* GTMActivityIndicatorViewDemo */,
				265B45BB1DF6525B00275D3A /* Products */,
			);
			sourceTree = "<group>";
		};
		265B45BB1DF6525B00275D3A /* Products */ = {
			isa = PBXGroup;
			children = (
				265B45BA1DF6525B00275D3A /* GTMActivityIndicatorView.framework */,
				265B45D61DF652A300275D3A /* GTMActivityIndicatorViewDemo.app */,
			);
			name = Products;
			sourceTree = "<group>";
		};
		265B45BC1DF6525B00275D3A /* GTMActivityIndicatorView */ = {
			isa = PBXGroup;
			children = (
				A1F8216C20026C4900DEB12B /* Animations */,
				269DC3AF1E1CF2FD009BC00B /* GTMActivityIndicatorView.swift */,
				265B45C61DF6528100275D3A /* NVActivityIndicatorAnimation.swift */,
				265B45C81DF6528100275D3A /* NVActivityIndicatorPresenter.swift */,
				265B45C91DF6528100275D3A /* NVActivityIndicatorShape.swift */,
				265B45CA1DF6528100275D3A /* NVActivityIndicatorView.swift */,
				265B45CB1DF6528100275D3A /* NVActivityIndicatorViewable.swift */,
				265B45C51DF6526C00275D3A /* Supporting Files */,
			);
			path = GTMActivityIndicatorView;
			sourceTree = "<group>";
		};
		265B45C51DF6526C00275D3A /* Supporting Files */ = {
			isa = PBXGroup;
			children = (
				265B45BE1DF6525B00275D3A /* Info.plist */,
			);
			name = "Supporting Files";
			sourceTree = "<group>";
		};
		265B45D71DF652A300275D3A /* GTMActivityIndicatorViewDemo */ = {
			isa = PBXGroup;
			children = (
				265B45E81DF652D700275D3A /* ViewController.swift */,
				265B45D81DF652A300275D3A /* AppDelegate.swift */,
				265B45DC1DF652A300275D3A /* Main.storyboard */,
				265B45DF1DF652A300275D3A /* Assets.xcassets */,
				265B45E11DF652A300275D3A /* LaunchScreen.storyboard */,
				265B45E41DF652A300275D3A /* Info.plist */,
			);
			path = GTMActivityIndicatorViewDemo;
			sourceTree = "<group>";
		};
		A1F8216C20026C4900DEB12B /* Animations */ = {
			isa = PBXGroup;
			children = (
				A1F8216D20026C4900DEB12B /* NVActivityIndicatorAnimationAudioEqualizer.swift */,
				A1F8216E20026C4900DEB12B /* NVActivityIndicatorAnimationBallBeat.swift */,
				A1F8216F20026C4900DEB12B /* NVActivityIndicatorAnimationBallClipRotate.swift */,
				A1F8217020026C4900DEB12B /* NVActivityIndicatorAnimationBallClipRotateMultiple.swift */,
				A1F8217120026C4900DEB12B /* NVActivityIndicatorAnimationBallClipRotatePulse.swift */,
				A1F8217220026C4900DEB12B /* NVActivityIndicatorAnimationBallGridBeat.swift */,
				A1F8217320026C4900DEB12B /* NVActivityIndicatorAnimationBallGridPulse.swift */,
				A1F8217420026C4900DEB12B /* NVActivityIndicatorAnimationBallPulse.swift */,
				A1F8217520026C4900DEB12B /* NVActivityIndicatorAnimationBallPulseRise.swift */,
				A1F8217620026C4900DEB12B /* NVActivityIndicatorAnimationBallPulseSync.swift */,
				A1F8217720026C4900DEB12B /* NVActivityIndicatorAnimationBallRotate.swift */,
				A1F8217820026C4900DEB12B /* NVActivityIndicatorAnimationBallRotateChase.swift */,
				A1F8217920026C4900DEB12B /* NVActivityIndicatorAnimationBallScale.swift */,
				A1F8217A20026C4900DEB12B /* NVActivityIndicatorAnimationBallScaleMultiple.swift */,
				A1F8217B20026C4900DEB12B /* NVActivityIndicatorAnimationBallScaleRipple.swift */,
				A1F8217C20026C4900DEB12B /* NVActivityIndicatorAnimationBallScaleRippleMultiple.swift */,
				A1F8217D20026C4900DEB12B /* NVActivityIndicatorAnimationBallSpinFadeLoader.swift */,
				A1F8217E20026C4900DEB12B /* NVActivityIndicatorAnimationBallTrianglePath.swift */,
				A1F8217F20026C4900DEB12B /* NVActivityIndicatorAnimationBallZigZag.swift */,
				A1F8218020026C4900DEB12B /* NVActivityIndicatorAnimationBallZigZagDeflect.swift */,
				A1F8218120026C4900DEB12B /* NVActivityIndicatorAnimationBlank.swift */,
				A1F8218220026C4900DEB12B /* NVActivityIndicatorAnimationCubeTransition.swift */,
				A1F8218320026C4900DEB12B /* NVActivityIndicatorAnimationLineScale.swift */,
				A1F8218420026C4900DEB12B /* NVActivityIndicatorAnimationLineScaleParty.swift */,
				A1F8218520026C4900DEB12B /* NVActivityIndicatorAnimationLineScalePulseOut.swift */,
				A1F8218620026C4900DEB12B /* NVActivityIndicatorAnimationLineScalePulseOutRapid.swift */,
				A1F8218720026C4900DEB12B /* NVActivityIndicatorAnimationLineSpinFadeLoader.swift */,
				A1F8218820026C4900DEB12B /* NVActivityIndicatorAnimationOrbit.swift */,
				A1F8218920026C4900DEB12B /* NVActivityIndicatorAnimationPacman.swift */,
				A1F8218A20026C4900DEB12B /* NVActivityIndicatorAnimationSemiCircleSpin.swift */,
				A1F8218B20026C4900DEB12B /* NVActivityIndicatorAnimationSquareSpin.swift */,
				A1F8218C20026C4900DEB12B /* NVActivityIndicatorAnimationTriangleSkewSpin.swift */,
			);
			path = Animations;
			sourceTree = "<group>";
		};
/* End PBXGroup section */

/* Begin PBXHeadersBuildPhase section */
		265B45B71DF6525B00275D3A /* Headers */ = {
			isa = PBXHeadersBuildPhase;
			buildActionMask = 2147483647;
			files = (
			);
			runOnlyForDeploymentPostprocessing = 0;
		};
/* End PBXHeadersBuildPhase section */

/* Begin PBXNativeTarget section */
		265B45B91DF6525B00275D3A /* GTMActivityIndicatorView */ = {
			isa = PBXNativeTarget;
			buildConfigurationList = 265B45C21DF6525B00275D3A /* Build configuration list for PBXNativeTarget "GTMActivityIndicatorView" */;
			buildPhases = (
				265B45B51DF6525B00275D3A /* Sources */,
				265B45B61DF6525B00275D3A /* Frameworks */,
				265B45B71DF6525B00275D3A /* Headers */,
				265B45B81DF6525B00275D3A /* Resources */,
			);
			buildRules = (
			);
			dependencies = (
			);
			name = GTMActivityIndicatorView;
			productName = GTMActivityIndicatorView;
			productReference = 265B45BA1DF6525B00275D3A /* GTMActivityIndicatorView.framework */;
			productType = "com.apple.product-type.framework";
		};
		265B45D51DF652A300275D3A /* GTMActivityIndicatorViewDemo */ = {
			isa = PBXNativeTarget;
			buildConfigurationList = 265B45E51DF652A300275D3A /* Build configuration list for PBXNativeTarget "GTMActivityIndicatorViewDemo" */;
			buildPhases = (
				265B45D21DF652A300275D3A /* Sources */,
				265B45D31DF652A300275D3A /* Frameworks */,
				265B45D41DF652A300275D3A /* Resources */,
				265B46301DF653C900275D3A /* Embed Frameworks */,
			);
			buildRules = (
			);
			dependencies = (
				265B462D1DF6536300275D3A /* PBXTargetDependency */,
			);
			name = GTMActivityIndicatorViewDemo;
			productName = GTMActivityIndicatorViewDemo;
			productReference = 265B45D61DF652A300275D3A /* GTMActivityIndicatorViewDemo.app */;
			productType = "com.apple.product-type.application";
		};
/* End PBXNativeTarget section */

/* Begin PBXProject section */
		265B45B11DF6525B00275D3A /* Project object */ = {
			isa = PBXProject;
			attributes = {
				LastSwiftUpdateCheck = 0810;
				LastUpgradeCheck = 0920;
				ORGANIZATIONNAME = syncsoft;
				TargetAttributes = {
					265B45B91DF6525B00275D3A = {
						CreatedOnToolsVersion = 8.1;
						DevelopmentTeam = BCGYF9W329;
						LastSwiftMigration = 0810;
						ProvisioningStyle = Automatic;
					};
					265B45D51DF652A300275D3A = {
						CreatedOnToolsVersion = 8.1;
						DevelopmentTeam = BCGYF9W329;
						ProvisioningStyle = Automatic;
					};
				};
			};
			buildConfigurationList = 265B45B41DF6525B00275D3A /* Build configuration list for PBXProject "GTMActivityIndicatorView" */;
			compatibilityVersion = "Xcode 3.2";
			developmentRegion = English;
			hasScannedForEncodings = 0;
			knownRegions = (
				en,
				Base,
			);
			mainGroup = 265B45B01DF6525B00275D3A;
			productRefGroup = 265B45BB1DF6525B00275D3A /* Products */;
			projectDirPath = "";
			projectRoot = "";
			targets = (
				265B45B91DF6525B00275D3A /* GTMActivityIndicatorView */,
				265B45D51DF652A300275D3A /* GTMActivityIndicatorViewDemo */,
			);
		};
/* End PBXProject section */

/* Begin PBXResourcesBuildPhase section */
		265B45B81DF6525B00275D3A /* Resources */ = {
			isa = PBXResourcesBuildPhase;
			buildActionMask = 2147483647;
			files = (
				267115351DF686B800F27CEA /* LICENSE in Resources */,
				26044DAB1DFD1B24006E82B3 /* logo.png in Resources */,
				26044DAD1DFD7474006E82B3 /* Demo.gif in Resources */,
			);
			runOnlyForDeploymentPostprocessing = 0;
		};
		265B45D41DF652A300275D3A /* Resources */ = {
			isa = PBXResourcesBuildPhase;
			buildActionMask = 2147483647;
			files = (
				265B45E31DF652A300275D3A /* LaunchScreen.storyboard in Resources */,
				265B45E01DF652A300275D3A /* Assets.xcassets in Resources */,
				265B46341DF6583C00275D3A /* GTMActivityIndicatorView.podspec in Resources */,
				265B45DE1DF652A300275D3A /* Main.storyboard in Resources */,
			);
			runOnlyForDeploymentPostprocessing = 0;
		};
/* End PBXResourcesBuildPhase section */

/* Begin PBXSourcesBuildPhase section */
		265B45B51DF6525B00275D3A /* Sources */ = {
			isa = PBXSourcesBuildPhase;
			buildActionMask = 2147483647;
			files = (
				A1F821AB20026C4900DEB12B /* NVActivityIndicatorAnimationSemiCircleSpin.swift in Sources */,
				A1F821A820026C4900DEB12B /* NVActivityIndicatorAnimationLineSpinFadeLoader.swift in Sources */,
				265B45CF1DF6528100275D3A /* NVActivityIndicatorShape.swift in Sources */,
				A1F8219E20026C4900DEB12B /* NVActivityIndicatorAnimationBallSpinFadeLoader.swift in Sources */,
				A1F821A120026C4900DEB12B /* NVActivityIndicatorAnimationBallZigZagDeflect.swift in Sources */,
				269DC3B01E1CF2FD009BC00B /* GTMActivityIndicatorView.swift in Sources */,
				A1F821A720026C4900DEB12B /* NVActivityIndicatorAnimationLineScalePulseOutRapid.swift in Sources */,
				265B45D01DF6528100275D3A /* NVActivityIndicatorView.swift in Sources */,
				A1F8219C20026C4900DEB12B /* NVActivityIndicatorAnimationBallScaleRipple.swift in Sources */,
				A1F8219120026C4900DEB12B /* NVActivityIndicatorAnimationBallClipRotateMultiple.swift in Sources */,
				A1F821AC20026C4900DEB12B /* NVActivityIndicatorAnimationSquareSpin.swift in Sources */,
				A1F821A020026C4900DEB12B /* NVActivityIndicatorAnimationBallZigZag.swift in Sources */,
				A1F821A920026C4900DEB12B /* NVActivityIndicatorAnimationOrbit.swift in Sources */,
				A1F8218F20026C4900DEB12B /* NVActivityIndicatorAnimationBallBeat.swift in Sources */,
				A1F8219220026C4900DEB12B /* NVActivityIndicatorAnimationBallClipRotatePulse.swift in Sources */,
				A1F8219720026C4900DEB12B /* NVActivityIndicatorAnimationBallPulseSync.swift in Sources */,
				A1F8219920026C4900DEB12B /* NVActivityIndicatorAnimationBallRotateChase.swift in Sources */,
				A1F8219420026C4900DEB12B /* NVActivityIndicatorAnimationBallGridPulse.swift in Sources */,
				A1F821A620026C4900DEB12B /* NVActivityIndicatorAnimationLineScalePulseOut.swift in Sources */,
				A1F821AA20026C4900DEB12B /* NVActivityIndicatorAnimationPacman.swift in Sources */,
				265B45CE1DF6528100275D3A /* NVActivityIndicatorPresenter.swift in Sources */,
				A1F8219320026C4900DEB12B /* NVActivityIndicatorAnimationBallGridBeat.swift in Sources */,
				265B45CC1DF6528100275D3A /* NVActivityIndicatorAnimation.swift in Sources */,
				A1F821A320026C4900DEB12B /* NVActivityIndicatorAnimationCubeTransition.swift in Sources */,
				A1F821A220026C4900DEB12B /* NVActivityIndicatorAnimationBlank.swift in Sources */,
				A1F8218E20026C4900DEB12B /* NVActivityIndicatorAnimationAudioEqualizer.swift in Sources */,
				A1F8219520026C4900DEB12B /* NVActivityIndicatorAnimationBallPulse.swift in Sources */,
				A1F8219820026C4900DEB12B /* NVActivityIndicatorAnimationBallRotate.swift in Sources */,
				A1F8219F20026C4900DEB12B /* NVActivityIndicatorAnimationBallTrianglePath.swift in Sources */,
				A1F821A420026C4900DEB12B /* NVActivityIndicatorAnimationLineScale.swift in Sources */,
				A1F8219A20026C4900DEB12B /* NVActivityIndicatorAnimationBallScale.swift in Sources */,
				A1F8219020026C4900DEB12B /* NVActivityIndicatorAnimationBallClipRotate.swift in Sources */,
				A1F8219D20026C4900DEB12B /* NVActivityIndicatorAnimationBallScaleRippleMultiple.swift in Sources */,
				265B45D11DF6528100275D3A /* NVActivityIndicatorViewable.swift in Sources */,
				A1F8219B20026C4900DEB12B /* NVActivityIndicatorAnimationBallScaleMultiple.swift in Sources */,
				A1F821A520026C4900DEB12B /* NVActivityIndicatorAnimationLineScaleParty.swift in Sources */,
				A1F8219620026C4900DEB12B /* NVActivityIndicatorAnimationBallPulseRise.swift in Sources */,
				A1F821AD20026C4900DEB12B /* NVActivityIndicatorAnimationTriangleSkewSpin.swift in Sources */,
			);
			runOnlyForDeploymentPostprocessing = 0;
		};
		265B45D21DF652A300275D3A /* Sources */ = {
			isa = PBXSourcesBuildPhase;
			buildActionMask = 2147483647;
			files = (
				265B45E91DF652D700275D3A /* ViewController.swift in Sources */,
				265B45D91DF652A300275D3A /* AppDelegate.swift in Sources */,
			);
			runOnlyForDeploymentPostprocessing = 0;
		};
/* End PBXSourcesBuildPhase section */

/* Begin PBXTargetDependency section */
		265B462D1DF6536300275D3A /* PBXTargetDependency */ = {
			isa = PBXTargetDependency;
			target = 265B45B91DF6525B00275D3A /* GTMActivityIndicatorView */;
			targetProxy = 265B462C1DF6536300275D3A /* PBXContainerItemProxy */;
		};
/* End PBXTargetDependency section */

/* Begin PBXVariantGroup section */
		265B45DC1DF652A300275D3A /* Main.storyboard */ = {
			isa = PBXVariantGroup;
			children = (
				265B45DD1DF652A300275D3A /* Base */,
			);
			name = Main.storyboard;
			sourceTree = "<group>";
		};
		265B45E11DF652A300275D3A /* LaunchScreen.storyboard */ = {
			isa = PBXVariantGroup;
			children = (
				265B45E21DF652A300275D3A /* Base */,
			);
			name = LaunchScreen.storyboard;
			sourceTree = "<group>";
		};
/* End PBXVariantGroup section */

/* Begin XCBuildConfiguration section */
		265B45C01DF6525B00275D3A /* Debug */ = {
			isa = XCBuildConfiguration;
			buildSettings = {
				ALWAYS_SEARCH_USER_PATHS = NO;
				CLANG_ANALYZER_NONNULL = YES;
				CLANG_CXX_LANGUAGE_STANDARD = "gnu++0x";
				CLANG_CXX_LIBRARY = "libc++";
				CLANG_ENABLE_MODULES = YES;
				CLANG_ENABLE_OBJC_ARC = YES;
				CLANG_WARN_BLOCK_CAPTURE_AUTORELEASING = YES;
				CLANG_WARN_BOOL_CONVERSION = YES;
				CLANG_WARN_COMMA = YES;
				CLANG_WARN_CONSTANT_CONVERSION = YES;
				CLANG_WARN_DIRECT_OBJC_ISA_USAGE = YES_ERROR;
				CLANG_WARN_DOCUMENTATION_COMMENTS = YES;
				CLANG_WARN_EMPTY_BODY = YES;
				CLANG_WARN_ENUM_CONVERSION = YES;
				CLANG_WARN_INFINITE_RECURSION = YES;
				CLANG_WARN_INT_CONVERSION = YES;
				CLANG_WARN_NON_LITERAL_NULL_CONVERSION = YES;
				CLANG_WARN_OBJC_LITERAL_CONVERSION = YES;
				CLANG_WARN_OBJC_ROOT_CLASS = YES_ERROR;
				CLANG_WARN_RANGE_LOOP_ANALYSIS = YES;
				CLANG_WARN_STRICT_PROTOTYPES = YES;
				CLANG_WARN_SUSPICIOUS_MOVE = YES;
				CLANG_WARN_SUSPICIOUS_MOVES = YES;
				CLANG_WARN_UNREACHABLE_CODE = YES;
				CLANG_WARN__DUPLICATE_METHOD_MATCH = YES;
				"CODE_SIGN_IDENTITY[sdk=iphoneos*]" = "iPhone Developer";
				COPY_PHASE_STRIP = NO;
				CURRENT_PROJECT_VERSION = 1;
				DEBUG_INFORMATION_FORMAT = dwarf;
				ENABLE_STRICT_OBJC_MSGSEND = YES;
				ENABLE_TESTABILITY = YES;
				GCC_C_LANGUAGE_STANDARD = gnu99;
				GCC_DYNAMIC_NO_PIC = NO;
				GCC_NO_COMMON_BLOCKS = YES;
				GCC_OPTIMIZATION_LEVEL = 0;
				GCC_PREPROCESSOR_DEFINITIONS = (
					"DEBUG=1",
					"$(inherited)",
				);
				GCC_WARN_64_TO_32_BIT_CONVERSION = YES;
				GCC_WARN_ABOUT_RETURN_TYPE = YES_ERROR;
				GCC_WARN_UNDECLARED_SELECTOR = YES;
				GCC_WARN_UNINITIALIZED_AUTOS = YES_AGGRESSIVE;
				GCC_WARN_UNUSED_FUNCTION = YES;
				GCC_WARN_UNUSED_VARIABLE = YES;
				IPHONEOS_DEPLOYMENT_TARGET = 8.0;
				MTL_ENABLE_DEBUG_INFO = YES;
				ONLY_ACTIVE_ARCH = YES;
				SDKROOT = iphoneos;
				SWIFT_ACTIVE_COMPILATION_CONDITIONS = DEBUG;
				SWIFT_OPTIMIZATION_LEVEL = "-Onone";
				TARGETED_DEVICE_FAMILY = "1,2";
				VERSIONING_SYSTEM = "apple-generic";
				VERSION_INFO_PREFIX = "";
			};
			name = Debug;
		};
		265B45C11DF6525B00275D3A /* Release */ = {
			isa = XCBuildConfiguration;
			buildSettings = {
				ALWAYS_SEARCH_USER_PATHS = NO;
				CLANG_ANALYZER_NONNULL = YES;
				CLANG_CXX_LANGUAGE_STANDARD = "gnu++0x";
				CLANG_CXX_LIBRARY = "libc++";
				CLANG_ENABLE_MODULES = YES;
				CLANG_ENABLE_OBJC_ARC = YES;
				CLANG_WARN_BLOCK_CAPTURE_AUTORELEASING = YES;
				CLANG_WARN_BOOL_CONVERSION = YES;
				CLANG_WARN_COMMA = YES;
				CLANG_WARN_CONSTANT_CONVERSION = YES;
				CLANG_WARN_DIRECT_OBJC_ISA_USAGE = YES_ERROR;
				CLANG_WARN_DOCUMENTATION_COMMENTS = YES;
				CLANG_WARN_EMPTY_BODY = YES;
				CLANG_WARN_ENUM_CONVERSION = YES;
				CLANG_WARN_INFINITE_RECURSION = YES;
				CLANG_WARN_INT_CONVERSION = YES;
				CLANG_WARN_NON_LITERAL_NULL_CONVERSION = YES;
				CLANG_WARN_OBJC_LITERAL_CONVERSION = YES;
				CLANG_WARN_OBJC_ROOT_CLASS = YES_ERROR;
				CLANG_WARN_RANGE_LOOP_ANALYSIS = YES;
				CLANG_WARN_STRICT_PROTOTYPES = YES;
				CLANG_WARN_SUSPICIOUS_MOVE = YES;
				CLANG_WARN_SUSPICIOUS_MOVES = YES;
				CLANG_WARN_UNREACHABLE_CODE = YES;
				CLANG_WARN__DUPLICATE_METHOD_MATCH = YES;
				"CODE_SIGN_IDENTITY[sdk=iphoneos*]" = "iPhone Developer";
				COPY_PHASE_STRIP = NO;
				CURRENT_PROJECT_VERSION = 1;
				DEBUG_INFORMATION_FORMAT = "dwarf-with-dsym";
				ENABLE_NS_ASSERTIONS = NO;
				ENABLE_STRICT_OBJC_MSGSEND = YES;
				GCC_C_LANGUAGE_STANDARD = gnu99;
				GCC_NO_COMMON_BLOCKS = YES;
				GCC_WARN_64_TO_32_BIT_CONVERSION = YES;
				GCC_WARN_ABOUT_RETURN_TYPE = YES_ERROR;
				GCC_WARN_UNDECLARED_SELECTOR = YES;
				GCC_WARN_UNINITIALIZED_AUTOS = YES_AGGRESSIVE;
				GCC_WARN_UNUSED_FUNCTION = YES;
				GCC_WARN_UNUSED_VARIABLE = YES;
				IPHONEOS_DEPLOYMENT_TARGET = 8.0;
				MTL_ENABLE_DEBUG_INFO = NO;
				SDKROOT = iphoneos;
				SWIFT_OPTIMIZATION_LEVEL = "-Owholemodule";
				TARGETED_DEVICE_FAMILY = "1,2";
				VALIDATE_PRODUCT = YES;
				VERSIONING_SYSTEM = "apple-generic";
				VERSION_INFO_PREFIX = "";
			};
			name = Release;
		};
		265B45C31DF6525B00275D3A /* Debug */ = {
			isa = XCBuildConfiguration;
			buildSettings = {
				CLANG_ENABLE_MODULES = YES;
				CODE_SIGN_IDENTITY = "";
				DEFINES_MODULE = YES;
				DEVELOPMENT_TEAM = BCGYF9W329;
				DYLIB_COMPATIBILITY_VERSION = 1;
				DYLIB_CURRENT_VERSION = 1;
				DYLIB_INSTALL_NAME_BASE = "@rpath";
				INFOPLIST_FILE = GTMActivityIndicatorView/Info.plist;
				INSTALL_PATH = "$(LOCAL_LIBRARY_DIR)/Frameworks";
				LD_RUNPATH_SEARCH_PATHS = "$(inherited) @executable_path/Frameworks @loader_path/Frameworks";
				PRODUCT_BUNDLE_IDENTIFIER = com.syncsoft.GTMActivityIndicatorView;
				PRODUCT_NAME = "$(TARGET_NAME)";
				SKIP_INSTALL = YES;
				SWIFT_OPTIMIZATION_LEVEL = "-Onone";
				SWIFT_VERSION = 4.0;
			};
			name = Debug;
		};
		265B45C41DF6525B00275D3A /* Release */ = {
			isa = XCBuildConfiguration;
			buildSettings = {
				CLANG_ENABLE_MODULES = YES;
				CODE_SIGN_IDENTITY = "";
				DEFINES_MODULE = YES;
				DEVELOPMENT_TEAM = BCGYF9W329;
				DYLIB_COMPATIBILITY_VERSION = 1;
				DYLIB_CURRENT_VERSION = 1;
				DYLIB_INSTALL_NAME_BASE = "@rpath";
				INFOPLIST_FILE = GTMActivityIndicatorView/Info.plist;
				INSTALL_PATH = "$(LOCAL_LIBRARY_DIR)/Frameworks";
				LD_RUNPATH_SEARCH_PATHS = "$(inherited) @executable_path/Frameworks @loader_path/Frameworks";
				PRODUCT_BUNDLE_IDENTIFIER = com.syncsoft.GTMActivityIndicatorView;
				PRODUCT_NAME = "$(TARGET_NAME)";
				SKIP_INSTALL = YES;
				SWIFT_VERSION = 4.0;
			};
			name = Release;
		};
		265B45E61DF652A300275D3A /* Debug */ = {
			isa = XCBuildConfiguration;
			buildSettings = {
				ALWAYS_EMBED_SWIFT_STANDARD_LIBRARIES = YES;
				ASSETCATALOG_COMPILER_APPICON_NAME = AppIcon;
				DEVELOPMENT_TEAM = BCGYF9W329;
				INFOPLIST_FILE = GTMActivityIndicatorViewDemo/Info.plist;
				LD_RUNPATH_SEARCH_PATHS = "$(inherited) @executable_path/Frameworks";
				PRODUCT_BUNDLE_IDENTIFIER = com.syncsoft.GTMActivityIndicatorViewDemo;
				PRODUCT_NAME = "$(TARGET_NAME)";
				SWIFT_VERSION = 4.0;
			};
			name = Debug;
		};
		265B45E71DF652A300275D3A /* Release */ = {
			isa = XCBuildConfiguration;
			buildSettings = {
				ALWAYS_EMBED_SWIFT_STANDARD_LIBRARIES = YES;
				ASSETCATALOG_COMPILER_APPICON_NAME = AppIcon;
				DEVELOPMENT_TEAM = BCGYF9W329;
				INFOPLIST_FILE = GTMActivityIndicatorViewDemo/Info.plist;
				LD_RUNPATH_SEARCH_PATHS = "$(inherited) @executable_path/Frameworks";
				PRODUCT_BUNDLE_IDENTIFIER = com.syncsoft.GTMActivityIndicatorViewDemo;
				PRODUCT_NAME = "$(TARGET_NAME)";
				SWIFT_VERSION = 4.0;
			};
			name = Release;
		};
/* End XCBuildConfiguration section */

/* Begin XCConfigurationList section */
		265B45B41DF6525B00275D3A /* Build configuration list for PBXProject "GTMActivityIndicatorView" */ = {
			isa = XCConfigurationList;
			buildConfigurations = (
				265B45C01DF6525B00275D3A /* Debug */,
				265B45C11DF6525B00275D3A /* Release */,
			);
			defaultConfigurationIsVisible = 0;
			defaultConfigurationName = Release;
		};
		265B45C21DF6525B00275D3A /* Build configuration list for PBXNativeTarget "GTMActivityIndicatorView" */ = {
			isa = XCConfigurationList;
			buildConfigurations = (
				265B45C31DF6525B00275D3A /* Debug */,
				265B45C41DF6525B00275D3A /* Release */,
			);
			defaultConfigurationIsVisible = 0;
			defaultConfigurationName = Release;
		};
		265B45E51DF652A300275D3A /* Build configuration list for PBXNativeTarget "GTMActivityIndicatorViewDemo" */ = {
			isa = XCConfigurationList;
			buildConfigurations = (
				265B45E61DF652A300275D3A /* Debug */,
				265B45E71DF652A300275D3A /* Release */,
			);
			defaultConfigurationIsVisible = 0;
			defaultConfigurationName = Release;
		};
/* End XCConfigurationList section */
	};
	rootObject = 265B45B11DF6525B00275D3A /* Project object */;
}
